
Microsoft Visual Studio Solution File, Format Version 12.00
# Visual Studio Version 17
VisualStudioVersion = 17.8.34330.188
MinimumVisualStudioVersion = 10.0.40219.1
Project("{FAE04EC0-301F-11D3-BF4B-00C04F79EFBC}") = "DemoAPI", "DemoAPI\DemoAPI.csproj", "{346C6A90-78C8-4C98-B111-F7F612A574EE}"
EndProject
Project("{FAE04EC0-301F-11D3-BF4B-00C04F79EFBC}") = "ApiTester", "ApiTester\ApiTester.csproj", "{3DE3D826-3D00-404E-8125-90F7FD1720D2}"
EndProject
Global
	GlobalSection(SolutionConfigurationPlatforms) = preSolution
		Debug|Any CPU = Debug|Any CPU
		Release|Any CPU = Release|Any CPU
	EndGlobalSection
	GlobalSection(ProjectConfigurationPlatforms) = postSolution
		{346C6A90-78C8-4C98-B111-F7F612A574EE}.Debug|Any CPU.ActiveCfg = Debug|Any CPU
		{346C6A90-78C8-4C98-B111-F7F612A574EE}.Debug|Any CPU.Build.0 = Debug|Any CPU
		{346C6A90-78C8-4C98-B111-F7F612A574EE}.Release|Any CPU.ActiveCfg = Release|Any CPU
		{346C6A90-78C8-4C98-B111-F7F612A574EE}.Release|Any CPU.Build.0 = Release|Any CPU
		{3DE3D826-3D00-404E-8125-90F7FD1720D2}.Debug|Any CPU.ActiveCfg = Debug|Any CPU
		{3DE3D826-3D00-404E-8125-90F7FD1720D2}.Debug|Any CPU.Build.0 = Debug|Any CPU
		{3DE3D826-3D00-404E-8125-90F7FD1720D2}.Release|Any CPU.ActiveCfg = Release|Any CPU
		{3DE3D826-3D00-404E-8125-90F7FD1720D2}.Release|Any CPU.Build.0 = Release|Any CPU
	EndGlobalSection
	GlobalSection(SolutionProperties) = preSolution
		HideSolutionNode = FALSE
	EndGlobalSection
	GlobalSection(ExtensibilityGlobals) = postSolution
		SolutionGuid = {8FAB9A77-5AEB-44DD-9D48-1C12DD731C2B}
	EndGlobalSection
EndGlobal
